
Microsoft Visual Studio Solution File, Format Version 12.00
# Visual Studio 15
Project("{FAE04EC0-301F-11D3-BF4B-00C04F79EFBC}") = "UnityEngine.UI", "UnityEngine.UI.csproj", "{5E11F43F-CFBC-BFC9-99A6-C1C6E6974AB7}"
EndProject
Project("{FAE04EC0-301F-11D3-BF4B-00C04F79EFBC}") = "Assembly-CSharp", "Assembly-CSharp.csproj", "{5620242D-473D-A4B7-96F8-DF3E181FFFD0}"
EndProject
Project("{FAE04EC0-301F-11D3-BF4B-00C04F79EFBC}") = "Unity.2D.Sprite.Editor", "Unity.2D.Sprite.Editor.csproj", "{322F0002-654F-7F53-BF8A-39E313B547CC}"
EndProject
Project("{FAE04EC0-301F-11D3-BF4B-00C04F79EFBC}") = "UnityEditor.UI", "UnityEditor.UI.csproj", "{DAD9C90E-DFCC-F097-4182-ED5ED2E7FFA0}"
EndProject
Project("{FAE04EC0-301F-11D3-BF4B-00C04F79EFBC}") = "Unity.2D.Tilemap.Editor", "Unity.2D.Tilemap.Editor.csproj", "{E4151F52-2ED6-3361-A46D-DF168797BE95}"
EndProject
Global
	GlobalSection(SolutionConfigurationPlatforms) = preSolution
		Debug|Any CPU = Debug|Any CPU
		Release|Any CPU = Release|Any CPU
	EndGlobalSection
	GlobalSection(ProjectConfigurationPlatforms) = postSolution
		{5E11F43F-CFBC-BFC9-99A6-C1C6E6974AB7}.Debug|Any CPU.ActiveCfg = Debug|Any CPU
		{5E11F43F-CFBC-BFC9-99A6-C1C6E6974AB7}.Debug|Any CPU.Build.0 = Debug|Any CPU
		{5E11F43F-CFBC-BFC9-99A6-C1C6E6974AB7}.Release|Any CPU.ActiveCfg = Release|Any CPU
		{5E11F43F-CFBC-BFC9-99A6-C1C6E6974AB7}.Release|Any CPU.Build.0 = Release|Any CPU
		{5620242D-473D-A4B7-96F8-DF3E181FFFD0}.Debug|Any CPU.ActiveCfg = Debug|Any CPU
		{5620242D-473D-A4B7-96F8-DF3E181FFFD0}.Debug|Any CPU.Build.0 = Debug|Any CPU
		{5620242D-473D-A4B7-96F8-DF3E181FFFD0}.Release|Any CPU.ActiveCfg = Release|Any CPU
		{5620242D-473D-A4B7-96F8-DF3E181FFFD0}.Release|Any CPU.Build.0 = Release|Any CPU
		{322F0002-654F-7F53-BF8A-39E313B547CC}.Debug|Any CPU.ActiveCfg = Debug|Any CPU
		{322F0002-654F-7F53-BF8A-39E313B547CC}.Debug|Any CPU.Build.0 = Debug|Any CPU
		{322F0002-654F-7F53-BF8A-39E313B547CC}.Release|Any CPU.ActiveCfg = Release|Any CPU
		{322F0002-654F-7F53-BF8A-39E313B547CC}.Release|Any CPU.Build.0 = Release|Any CPU
		{DAD9C90E-DFCC-F097-4182-ED5ED2E7FFA0}.Debug|Any CPU.ActiveCfg = Debug|Any CPU
		{DAD9C90E-DFCC-F097-4182-ED5ED2E7FFA0}.Debug|Any CPU.Build.0 = Debug|Any CPU
		{DAD9C90E-DFCC-F097-4182-ED5ED2E7FFA0}.Release|Any CPU.ActiveCfg = Release|Any CPU
		{DAD9C90E-DFCC-F097-4182-ED5ED2E7FFA0}.Release|Any CPU.Build.0 = Release|Any CPU
		{E4151F52-2ED6-3361-A46D-DF168797BE95}.Debug|Any CPU.ActiveCfg = Debug|Any CPU
		{E4151F52-2ED6-3361-A46D-DF168797BE95}.Debug|Any CPU.Build.0 = Debug|Any CPU
		{E4151F52-2ED6-3361-A46D-DF168797BE95}.Release|Any CPU.ActiveCfg = Release|Any CPU
		{E4151F52-2ED6-3361-A46D-DF168797BE95}.Release|Any CPU.Build.0 = Release|Any CPU
	EndGlobalSection
	GlobalSection(SolutionProperties) = preSolution
		HideSolutionNode = FALSE
	EndGlobalSection
EndGlobal
